
Microsoft Visual Studio Solution File, Format Version 12.00
# Visual Studio Version 17
VisualStudioVersion = 17.14.36623.8 d17.14
MinimumVisualStudioVersion = 10.0.40219.1
Project("{FAE04EC0-301F-11D3-BF4B-00C04F79EFBC}") = "Quizly.UI", "Quizly.UI\Quizly.UI.csproj", "{CDDCB182-11EB-461E-BC14-2C22E7D1E369}"
EndProject
Project("{FAE04EC0-301F-11D3-BF4B-00C04F79EFBC}") = "Quizly.Data", "Quizly.Data\Quizly.Data.csproj", "{6A0CFB9D-0937-4296-BE4E-76C3B79F979C}"
EndProject
Project("{FAE04EC0-301F-11D3-BF4B-00C04F79EFBC}") = "Quizly.Core", "Quizly.Core\Quizly.Core.csproj", "{77533FD2-9DBA-44D9-9E47-23E5532EB8C7}"
EndProject
Global
	GlobalSection(SolutionConfigurationPlatforms) = preSolution
		Debug|Any CPU = Debug|Any CPU
		Release|Any CPU = Release|Any CPU
	EndGlobalSection
	GlobalSection(ProjectConfigurationPlatforms) = postSolution
		{CDDCB182-11EB-461E-BC14-2C22E7D1E369}.Debug|Any CPU.ActiveCfg = Debug|Any CPU
		{CDDCB182-11EB-461E-BC14-2C22E7D1E369}.Debug|Any CPU.Build.0 = Debug|Any CPU
		{CDDCB182-11EB-461E-BC14-2C22E7D1E369}.Release|Any CPU.ActiveCfg = Release|Any CPU
		{CDDCB182-11EB-461E-BC14-2C22E7D1E369}.Release|Any CPU.Build.0 = Release|Any CPU
		{6A0CFB9D-0937-4296-BE4E-76C3B79F979C}.Debug|Any CPU.ActiveCfg = Debug|Any CPU
		{6A0CFB9D-0937-4296-BE4E-76C3B79F979C}.Debug|Any CPU.Build.0 = Debug|Any CPU
		{6A0CFB9D-0937-4296-BE4E-76C3B79F979C}.Release|Any CPU.ActiveCfg = Release|Any CPU
		{6A0CFB9D-0937-4296-BE4E-76C3B79F979C}.Release|Any CPU.Build.0 = Release|Any CPU
		{77533FD2-9DBA-44D9-9E47-23E5532EB8C7}.Debug|Any CPU.ActiveCfg = Debug|Any CPU
		{77533FD2-9DBA-44D9-9E47-23E5532EB8C7}.Debug|Any CPU.Build.0 = Debug|Any CPU
		{77533FD2-9DBA-44D9-9E47-23E5532EB8C7}.Release|Any CPU.ActiveCfg = Release|Any CPU
		{77533FD2-9DBA-44D9-9E47-23E5532EB8C7}.Release|Any CPU.Build.0 = Release|Any CPU
	EndGlobalSection
	GlobalSection(SolutionProperties) = preSolution
		HideSolutionNode = FALSE
	EndGlobalSection
	GlobalSection(ExtensibilityGlobals) = postSolution
		SolutionGuid = {8FA7259F-3414-469A-B8BE-D06627DC3502}
	EndGlobalSection
EndGlobal
